
Microsoft Visual Studio Solution File, Format Version 12.00
# Visual Studio Version 17
VisualStudioVersion = 17.1.32210.238
MinimumVisualStudioVersion = 10.0.40219.1
Project("{9A19103F-16F7-4668-BE54-9A1E7A4F7556}") = "APICatalogo", "APICatalogo\APICatalogo.csproj", "{2FD3455D-AEAB-4AD7-BD0A-34E1E2105B22}"
EndProject
Project("{FAE04EC0-301F-11D3-BF4B-00C04F79EFBC}") = "ApiCatalogoXUnitTests", "ApiCatalogoXUnitTests\ApiCatalogoXUnitTests.csproj", "{2370CD03-B97F-426B-BE5A-DD02CA4483D2}"
EndProject
Global
	GlobalSection(SolutionConfigurationPlatforms) = preSolution
		Debug|Any CPU = Debug|Any CPU
		Release|Any CPU = Release|Any CPU
	EndGlobalSection
	GlobalSection(ProjectConfigurationPlatforms) = postSolution
		{2FD3455D-AEAB-4AD7-BD0A-34E1E2105B22}.Debug|Any CPU.ActiveCfg = Debug|Any CPU
		{2FD3455D-AEAB-4AD7-BD0A-34E1E2105B22}.Debug|Any CPU.Build.0 = Debug|Any CPU
		{2FD3455D-AEAB-4AD7-BD0A-34E1E2105B22}.Release|Any CPU.ActiveCfg = Release|Any CPU
		{2FD3455D-AEAB-4AD7-BD0A-34E1E2105B22}.Release|Any CPU.Build.0 = Release|Any CPU
		{2370CD03-B97F-426B-BE5A-DD02CA4483D2}.Debug|Any CPU.ActiveCfg = Debug|Any CPU
		{2370CD03-B97F-426B-BE5A-DD02CA4483D2}.Debug|Any CPU.Build.0 = Debug|Any CPU
		{2370CD03-B97F-426B-BE5A-DD02CA4483D2}.Release|Any CPU.ActiveCfg = Release|Any CPU
		{2370CD03-B97F-426B-BE5A-DD02CA4483D2}.Release|Any CPU.Build.0 = Release|Any CPU
	EndGlobalSection
	GlobalSection(SolutionProperties) = preSolution
		HideSolutionNode = FALSE
	EndGlobalSection
	GlobalSection(ExtensibilityGlobals) = postSolution
		SolutionGuid = {A14D33D1-D788-4CD8-927F-7B474F483F3E}
	EndGlobalSection
EndGlobal
